
Microsoft Visual Studio Solution File, Format Version 12.00
# Visual Studio Version 17
VisualStudioVersion = 17.11.35327.3
MinimumVisualStudioVersion = 10.0.40219.1
Project("{9A19103F-16F7-4668-BE54-9A1E7A4F7556}") = "NextStop.Server", "NextStop.Server\NextStop.Server.csproj", "{F2D3DB4A-8BDD-4C69-8FD7-37C0F16D4B64}"
EndProject
Project("{9A19103F-16F7-4668-BE54-9A1E7A4F7556}") = "NextStop.Common", "NextStop.Common\NextStop.Common.csproj", "{7B357EC2-6828-4C4E-9C04-DA5B5FE863EE}"
EndProject
Project("{9A19103F-16F7-4668-BE54-9A1E7A4F7556}") = "NextStop.Dal.Interface", "NextStop.Dal.Interface\NextStop.Dal.Interface.csproj", "{154271B4-DF23-443A-9E3F-176D1965DF4B}"
EndProject
Project("{9A19103F-16F7-4668-BE54-9A1E7A4F7556}") = "NextStop.Domain", "NextStop.Domain\NextStop.Domain.csproj", "{414B4709-889E-4952-A74F-B6F7504651E8}"
EndProject
Project("{9A19103F-16F7-4668-BE54-9A1E7A4F7556}") = "NextStop.Dal.Simple", "NextStop.Dal.Simple\NextStop.Dal.Simple.csproj", "{5098B034-1ED9-4237-8DDD-06DD41178FCF}"
EndProject
Project("{9A19103F-16F7-4668-BE54-9A1E7A4F7556}") = "NextStop.Dal.Ado", "NextStop.Dal.Ado\NextStop.Dal.Ado.csproj", "{54DD681A-E6AB-4066-ABA9-5DED448D15B5}"
EndProject
Project("{2150E333-8FDC-42A3-9474-1A3956D46DE8}") = "Solution Items", "Solution Items", "{5AA9FA1D-128A-49A2-87A6-A21AE20AD4CF}"
	ProjectSection(SolutionItems) = preProject
		COMPLETE.sql = COMPLETE.sql
		DDL.sql = DDL.sql
		INSERTS.sql = INSERTS.sql
		README.md = README.md
	EndProjectSection
EndProject
Project("{9A19103F-16F7-4668-BE54-9A1E7A4F7556}") = "NextStop.Tests", "NextStop.Tests\NextStop.Tests.csproj", "{B601150D-EB9B-4E14-9D69-C393432B4133}"
EndProject
Project("{2150E333-8FDC-42A3-9474-1A3956D46DE8}") = "Database Statements", "Database Statements", "{B365190D-0918-4E57-98D1-947D5375780B}"
	ProjectSection(SolutionItems) = preProject
		COMPLETE.sql = COMPLETE.sql
		DDL.sql = DDL.sql
		INSERTS.sql = INSERTS.sql
	EndProjectSection
EndProject
Global
	GlobalSection(SolutionConfigurationPlatforms) = preSolution
		Debug|Any CPU = Debug|Any CPU
		Release|Any CPU = Release|Any CPU
	EndGlobalSection
	GlobalSection(ProjectConfigurationPlatforms) = postSolution
		{F2D3DB4A-8BDD-4C69-8FD7-37C0F16D4B64}.Debug|Any CPU.ActiveCfg = Debug|Any CPU
		{F2D3DB4A-8BDD-4C69-8FD7-37C0F16D4B64}.Debug|Any CPU.Build.0 = Debug|Any CPU
		{F2D3DB4A-8BDD-4C69-8FD7-37C0F16D4B64}.Release|Any CPU.ActiveCfg = Release|Any CPU
		{F2D3DB4A-8BDD-4C69-8FD7-37C0F16D4B64}.Release|Any CPU.Build.0 = Release|Any CPU
		{7B357EC2-6828-4C4E-9C04-DA5B5FE863EE}.Debug|Any CPU.ActiveCfg = Debug|Any CPU
		{7B357EC2-6828-4C4E-9C04-DA5B5FE863EE}.Debug|Any CPU.Build.0 = Debug|Any CPU
		{7B357EC2-6828-4C4E-9C04-DA5B5FE863EE}.Release|Any CPU.ActiveCfg = Release|Any CPU
		{7B357EC2-6828-4C4E-9C04-DA5B5FE863EE}.Release|Any CPU.Build.0 = Release|Any CPU
		{154271B4-DF23-443A-9E3F-176D1965DF4B}.Debug|Any CPU.ActiveCfg = Debug|Any CPU
		{154271B4-DF23-443A-9E3F-176D1965DF4B}.Debug|Any CPU.Build.0 = Debug|Any CPU
		{154271B4-DF23-443A-9E3F-176D1965DF4B}.Release|Any CPU.ActiveCfg = Release|Any CPU
		{154271B4-DF23-443A-9E3F-176D1965DF4B}.Release|Any CPU.Build.0 = Release|Any CPU
		{414B4709-889E-4952-A74F-B6F7504651E8}.Debug|Any CPU.ActiveCfg = Debug|Any CPU
		{414B4709-889E-4952-A74F-B6F7504651E8}.Debug|Any CPU.Build.0 = Debug|Any CPU
		{414B4709-889E-4952-A74F-B6F7504651E8}.Release|Any CPU.ActiveCfg = Release|Any CPU
		{414B4709-889E-4952-A74F-B6F7504651E8}.Release|Any CPU.Build.0 = Release|Any CPU
		{5098B034-1ED9-4237-8DDD-06DD41178FCF}.Debug|Any CPU.ActiveCfg = Debug|Any CPU
		{5098B034-1ED9-4237-8DDD-06DD41178FCF}.Debug|Any CPU.Build.0 = Debug|Any CPU
		{5098B034-1ED9-4237-8DDD-06DD41178FCF}.Release|Any CPU.ActiveCfg = Release|Any CPU
		{5098B034-1ED9-4237-8DDD-06DD41178FCF}.Release|Any CPU.Build.0 = Release|Any CPU
		{54DD681A-E6AB-4066-ABA9-5DED448D15B5}.Debug|Any CPU.ActiveCfg = Debug|Any CPU
		{54DD681A-E6AB-4066-ABA9-5DED448D15B5}.Debug|Any CPU.Build.0 = Debug|Any CPU
		{54DD681A-E6AB-4066-ABA9-5DED448D15B5}.Release|Any CPU.ActiveCfg = Release|Any CPU
		{54DD681A-E6AB-4066-ABA9-5DED448D15B5}.Release|Any CPU.Build.0 = Release|Any CPU
		{B601150D-EB9B-4E14-9D69-C393432B4133}.Debug|Any CPU.ActiveCfg = Debug|Any CPU
		{B601150D-EB9B-4E14-9D69-C393432B4133}.Debug|Any CPU.Build.0 = Debug|Any CPU
		{B601150D-EB9B-4E14-9D69-C393432B4133}.Release|Any CPU.ActiveCfg = Release|Any CPU
		{B601150D-EB9B-4E14-9D69-C393432B4133}.Release|Any CPU.Build.0 = Release|Any CPU
	EndGlobalSection
	GlobalSection(SolutionProperties) = preSolution
		HideSolutionNode = FALSE
	EndGlobalSection
	GlobalSection(NestedProjects) = preSolution
		{B365190D-0918-4E57-98D1-947D5375780B} = {5AA9FA1D-128A-49A2-87A6-A21AE20AD4CF}
	EndGlobalSection
	GlobalSection(ExtensibilityGlobals) = postSolution
		SolutionGuid = {7DC0ACA4-0DDE-4226-B653-42F98B27AEEA}
	EndGlobalSection
EndGlobal
